// !$*UTF8*$!
{
	archiveVersion = 1;
	classes = {
	};
	objectVersion = 77;
	objects = {

/* Begin PBXContainerItemProxy section */
		E835BA0C2FB76DFD002F2295 /* PBXContainerItemProxy */ = {
			isa = PBXContainerItemProxy;
			containerPortal = E835B9ED2FB76DFC002F2295 /* Project object */;
			proxyType = 1;
			remoteGlobalIDString = E835B9F42FB76DFC002F2295;
			remoteInfo = StudiesUIKit;
		};
		E835BA162FB76DFD002F2295 /* PBXContainerItemProxy */ = {
			isa = PBXContainerItemProxy;
			containerPortal = E835B9ED2FB76DFC002F2295 /* Project object */;
			proxyType = 1;
			remoteGlobalIDString = E835B9F42FB76DFC002F2295;
			remoteInfo = StudiesUIKit;
		};
/* End PBXContainerItemProxy section */

/* Begin PBXFileReference section */
		E835B9F52FB76DFC002F2295 /* StudiesUIKit.app */ = {isa = PBXFileReference; explicitFileType = wrapper.application; includeInIndex = 0; path = StudiesUIKit.app; sourceTree = BUILT_PRODUCTS_DIR; };
		E835BA0B2FB76DFD002F2295 /* StudiesUIKitTests.xctest */ = {isa = PBXFileReference; explicitFileType = wrapper.cfbundle; includeInIndex = 0; path = StudiesUIKitTests.xctest; sourceTree = BUILT_PRODUCTS_DIR; };
		E835BA152FB76DFD002F2295 /* StudiesUIKitUITests.xctest */ = {isa = PBXFileReference; explicitFileType = wrapper.cfbundle; includeInIndex = 0; path = StudiesUIKitUITests.xctest; sourceTree = BUILT_PRODUCTS_DIR; };
/* End PBXFileReference section */

/* Begin PBXFileSystemSynchronizedBuildFileExceptionSet section */
		E835BA1D2FB76DFD002F2295 /* Exceptions for "StudiesUIKit" folder in "StudiesUIKit" target */ = {
			isa = PBXFileSystemSynchronizedBuildFileExceptionSet;
			membershipExceptions = (
				Info.plist,
			);
			target = E835B9F42FB76DFC002F2295 /* StudiesUIKit */;
		};
/* End PBXFileSystemSynchronizedBuildFileExceptionSet section */

/* Begin PBXFileSystemSynchronizedRootGroup section */
		E835B9F72FB76DFC002F2295 /* StudiesUIKit */ = {
			isa = PBXFileSystemSynchronizedRootGroup;
			exceptions = (
				E835BA1D2FB76DFD002F2295 /* Exceptions for "StudiesUIKit" folder in "StudiesUIKit" target */,
			);
			path = StudiesUIKit;
			sourceTree = "<group>";
		};
		E835BA0E2FB76DFD002F2295 /* StudiesUIKitTests */ = {
			isa = PBXFileSystemSynchronizedRootGroup;
			path = StudiesUIKitTests;
			sourceTree = "<group>";
		};
		E835BA182FB76DFD002F2295 /* StudiesUIKitUITests */ = {
			isa = PBXFileSystemSynchronizedRootGroup;
			path = StudiesUIKitUITests;
			sourceTree = "<group>";
		};
/* End PBXFileSystemSynchronizedRootGroup section */

/* Begin PBXFrameworksBuildPhase section */
		E835B9F22FB76DFC002F2295 /* Frameworks */ = {
			isa = PBXFrameworksBuildPhase;
			buildActionMask = 2147483647;
			files = (
			);
			runOnlyForDeploymentPostprocessing = 0;
		};
		E835BA082FB76DFD002F2295 /* Frameworks */ = {
			isa = PBXFrameworksBuildPhase;
			buildActionMask = 2147483647;
			files = (
			);
			runOnlyForDeploymentPostprocessing = 0;
		};
		E835BA122FB76DFD002F2295 /* Frameworks */ = {
			isa = PBXFrameworksBuildPhase;
			buildActionMask = 2147483647;
			files = (
			);
			runOnlyForDeploymentPostprocessing = 0;
		};
/* End PBXFrameworksBuildPhase section */

/* Begin PBXGroup section */
		E835B9EC2FB76DFC002F2295 = {
			isa = PBXGroup;
			children = (
				E835B9F72FB76DFC002F2295 /* StudiesUIKit */,
				E835BA0E2FB76DFD002F2295 /* StudiesUIKitTests */,
				E835BA182FB76DFD002F2295 /* StudiesUIKitUITests */,
				E835B9F62FB76DFC002F2295 /* Products */,
			);
			sourceTree = "<group>";
		};
		E835B9F62FB76DFC002F2295 /* Products */ = {
			isa = PBXGroup;
			children = (
				E835B9F52FB76DFC002F2295 /* StudiesUIKit.app */,
				E835BA0B2FB76DFD002F2295 /* StudiesUIKitTests.xctest */,
				E835BA152FB76DFD002F2295 /* StudiesUIKitUITests.xctest */,
			);
			name = Products;
			sourceTree = "<group>";
		};
/* End PBXGroup section */

/* Begin PBXNativeTarget section */
		E835B9F42FB76DFC002F2295 /* StudiesUIKit */ = {
			isa = PBXNativeTarget;
			buildConfigurationList = E835BA1E2FB76DFD002F2295 /* Build configuration list for PBXNativeTarget "StudiesUIKit" */;
			buildPhases = (
				E835B9F12FB76DFC002F2295 /* Sources */,
				E835B9F22FB76DFC002F2295 /* Frameworks */,
				E835B9F32FB76DFC002F2295 /* Resources */,
			);
			buildRules = (
			);
			dependencies = (
			);
			fileSystemSynchronizedGroups = (
				E835B9F72FB76DFC002F2295 /* StudiesUIKit */,
			);
			name = StudiesUIKit;
			packageProductDependencies = (
			);
			productName = StudiesUIKit;
			productReference = E835B9F52FB76DFC002F2295 /* StudiesUIKit.app */;
			productType = "com.apple.product-type.application";
		};
		E835BA0A2FB76DFD002F2295 /* StudiesUIKitTests */ = {
			isa = PBXNativeTarget;
			buildConfigurationList = E835BA232FB76DFD002F2295 /* Build configuration list for PBXNativeTarget "StudiesUIKitTests" */;
			buildPhases = (
				E835BA072FB76DFD002F2295 /* Sources */,
				E835BA082FB76DFD002F2295 /* Frameworks */,
				E835BA092FB76DFD002F2295 /* Resources */,
			);
			buildRules = (
			);
			dependencies = (
				E835BA0D2FB76DFD002F2295 /* PBXTargetDependency */,
			);
			fileSystemSynchronizedGroups = (
				E835BA0E2FB76DFD002F2295 /* StudiesUIKitTests */,
			);
			name = StudiesUIKitTests;
			packageProductDependencies = (
			);
			productName = StudiesUIKitTests;
			productReference = E835BA0B2FB76DFD002F2295 /* StudiesUIKitTests.xctest */;
			productType = "com.apple.product-type.bundle.unit-test";
		};
		E835BA142FB76DFD002F2295 /* StudiesUIKitUITests */ = {
			isa = PBXNativeTarget;
			buildConfigurationList = E835BA262FB76DFD002F2295 /* Build configuration list for PBXNativeTarget "StudiesUIKitUITests" */;
			buildPhases = (
				E835BA112FB76DFD002F2295 /* Sources */,
				E835BA122FB76DFD002F2295 /* Frameworks */,
				E835BA132FB76DFD002F2295 /* Resources */,
			);
			buildRules = (
			);
			dependencies = (
				E835BA172FB76DFD002F2295 /* PBXTargetDependency */,
			);
			fileSystemSynchronizedGroups = (
				E835BA182FB76DFD002F2295 /* StudiesUIKitUITests */,
			);
			name = StudiesUIKitUITests;
			packageProductDependencies = (
			);
			productName = StudiesUIKitUITests;
			productReference = E835BA152FB76DFD002F2295 /* StudiesUIKitUITests.xctest */;
			productType = "com.apple.product-type.bundle.ui-testing";
		};
/* End PBXNativeTarget section */

/* Begin PBXProject section */
		E835B9ED2FB76DFC002F2295 /* Project object */ = {
			isa = PBXProject;
			attributes = {
				BuildIndependentTargetsInParallel = 1;
				LastSwiftUpdateCheck = 2630;
				LastUpgradeCheck = 2630;
				TargetAttributes = {
					E835B9F42FB76DFC002F2295 = {
						CreatedOnToolsVersion = 26.3;
					};
					E835BA0A2FB76DFD002F2295 = {
						CreatedOnToolsVersion = 26.3;
						TestTargetID = E835B9F42FB76DFC002F2295;
					};
					E835BA142FB76DFD002F2295 = {
						CreatedOnToolsVersion = 26.3;
						TestTargetID = E835B9F42FB76DFC002F2295;
					};
				};
			};
			buildConfigurationList = E835B9F02FB76DFC002F2295 /* Build configuration list for PBXProject "StudiesUIKit" */;
			developmentRegion = en;
			hasScannedForEncodings = 0;
			knownRegions = (
				en,
				Base,
			);
			mainGroup = E835B9EC2FB76DFC002F2295;
			minimizedProjectReferenceProxies = 1;
			preferredProjectObjectVersion = 77;
			productRefGroup = E835B9F62FB76DFC002F2295 /* Products */;
			projectDirPath = "";
			projectRoot = "";
			targets = (
				E835B9F42FB76DFC002F2295 /* StudiesUIKit */,
				E835BA0A2FB76DFD002F2295 /* StudiesUIKitTests */,
				E835BA142FB76DFD002F2295 /* StudiesUIKitUITests */,
			);
		};
/* End PBXProject section */

/* Begin PBXResourcesBuildPhase section */
		E835B9F32FB76DFC002F2295 /* Resources */ = {
			isa = PBXResourcesBuildPhase;
			buildActionMask = 2147483647;
			files = (
			);
			runOnlyForDeploymentPostprocessing = 0;
		};
		E835BA092FB76DFD002F2295 /* Resources */ = {
			isa = PBXResourcesBuildPhase;
			buildActionMask = 2147483647;
			files = (
			);
			runOnlyForDeploymentPostprocessing = 0;
		};
		E835BA132FB76DFD002F2295 /* Resources */ = {
			isa = PBXResourcesBuildPhase;
			buildActionMask = 2147483647;
			files = (
			);
			runOnlyForDeploymentPostprocessing = 0;
		};
/* End PBXResourcesBuildPhase section */

/* Begin PBXSourcesBuildPhase section */
		E835B9F12FB76DFC002F2295 /* Sources */ = {
			isa = PBXSourcesBuildPhase;
			buildActionMask = 2147483647;
			files = (
			);
			runOnlyForDeploymentPostprocessing = 0;
		};
		E835BA072FB76DFD002F2295 /* Sources */ = {
			isa = PBXSourcesBuildPhase;
			buildActionMask = 2147483647;
			files = (
			);
			runOnlyForDeploymentPostprocessing = 0;
		};
		E835BA112FB76DFD002F2295 /* Sources */ = {
			isa = PBXSourcesBuildPhase;
			buildActionMask = 2147483647;
			files = (
			);
			runOnlyForDeploymentPostprocessing = 0;
		};
/* End PBXSourcesBuildPhase section */

/* Begin PBXTargetDependency section */
		E835BA0D2FB76DFD002F2295 /* PBXTargetDependency */ = {
			isa = PBXTargetDependency;
			target = E835B9F42FB76DFC002F2295 /* StudiesUIKit */;
			targetProxy = E835BA0C2FB76DFD002F2295 /* PBXContainerItemProxy */;
		};
		E835BA172FB76DFD002F2295 /* PBXTargetDependency */ = {
			isa = PBXTargetDependency;
			target = E835B9F42FB76DFC002F2295 /* StudiesUIKit */;
			targetProxy = E835BA162FB76DFD002F2295 /* PBXContainerItemProxy */;
		};
/* End PBXTargetDependency section */

/* Begin XCBuildConfiguration section */
		E835BA1F2FB76DFD002F2295 /* Debug */ = {
			isa = XCBuildConfiguration;
			buildSettings = {
				ASSETCATALOG_COMPILER_APPICON_NAME = AppIcon;
				ASSETCATALOG_COMPILER_GLOBAL_ACCENT_COLOR_NAME = AccentColor;
				CODE_SIGN_STYLE = Automatic;
				CURRENT_PROJECT_VERSION = 1;
				DEVELOPMENT_TEAM = 446CS4MA3A;
				GENERATE_INFOPLIST_FILE = YES;
				INFOPLIST_FILE = StudiesUIKit/Info.plist;
				INFOPLIST_KEY_UIApplicationSupportsIndirectInputEvents = YES;
				INFOPLIST_KEY_UILaunchStoryboardName = LaunchScreen;
				INFOPLIST_KEY_UIMainStoryboardFile = Main;
				INFOPLIST_KEY_UISupportedInterfaceOrientations_iPad = "UIInterfaceOrientationPortrait UIInterfaceOrientationPortraitUpsideDown UIInterfaceOrientationLandscapeLeft UIInterfaceOrientationLandscapeRight";
				INFOPLIST_KEY_UISupportedInterfaceOrientations_iPhone = "UIInterfaceOrientationPortrait UIInterfaceOrientationLandscapeLeft UIInterfaceOrientationLandscapeRight";
				LD_RUNPATH_SEARCH_PATHS = (
					"$(inherited)",
					"@executable_path/Frameworks",
				);
				MARKETING_VERSION = 1.0;
				PRODUCT_BUNDLE_IDENTIFIER = br.com.manoel.StudiesUIKit;
				PRODUCT_NAME = "$(TARGET_NAME)";
				STRING_CATALOG_GENERATE_SYMBOLS = YES;
				SWIFT_APPROACHABLE_CONCURRENCY = YES;
				SWIFT_DEFAULT_ACTOR_ISOLATION = MainActor;
				SWIFT_EMIT_LOC_STRINGS = YES;
				SWIFT_UPCOMING_FEATURE_MEMBER_IMPORT_VISIBILITY = YES;
				SWIFT_VERSION = 5.0;
				TARGETED_DEVICE_FAMILY = "1,2";
			};
			name = Debug;
		};
		E835BA202FB76DFD002F2295 /* Release */ = {
			isa = XCBuildConfiguration;
			buildSettings = {
				ASSETCATALOG_COMPILER_APPICON_NAME = AppIcon;
				ASSETCATALOG_COMPILER_GLOBAL_ACCENT_COLOR_NAME = AccentColor;
				CODE_SIGN_STYLE = Automatic;
				CURRENT_PROJECT_VERSION = 1;
				DEVELOPMENT_TEAM = 446CS4MA3A;
				GENERATE_INFOPLIST_FILE = YES;
				INFOPLIST_FILE = StudiesUIKit/Info.plist;
				INFOPLIST_KEY_UIApplicationSupportsIndirectInputEvents = YES;
				INFOPLIST_KEY_UILaunchStoryboardName = LaunchScreen;
				INFOPLIST_KEY_UIMainStoryboardFile = Main;
				INFOPLIST_KEY_UISupportedInterfaceOrientations_iPad = "UIInterfaceOrientationPortrait UIInterfaceOrientationPortraitUpsideDown UIInterfaceOrientationLandscapeLeft UIInterfaceOrientationLandscapeRight";
				INFOPLIST_KEY_UISupportedInterfaceOrientations_iPhone = "UIInterfaceOrientationPortrait UIInterfaceOrientationLandscapeLeft UIInterfaceOrientationLandscapeRight";
				LD_RUNPATH_SEARCH_PATHS = (
					"$(inherited)",
					"@executable_path/Frameworks",
				);
				MARKETING_VERSION = 1.0;
				PRODUCT_BUNDLE_IDENTIFIER = br.com.manoel.StudiesUIKit;
				PRODUCT_NAME = "$(TARGET_NAME)";
				STRING_CATALOG_GENERATE_SYMBOLS = YES;
				SWIFT_APPROACHABLE_CONCURRENCY = YES;
				SWIFT_DEFAULT_ACTOR_ISOLATION = MainActor;
				SWIFT_EMIT_LOC_STRINGS = YES;
				SWIFT_UPCOMING_FEATURE_MEMBER_IMPORT_VISIBILITY = YES;
				SWIFT_VERSION = 5.0;
				TARGETED_DEVICE_FAMILY = "1,2";
			};
			name = Release;
		};
		E835BA212FB76DFD002F2295 /* Debug */ = {
			isa = XCBuildConfiguration;
			buildSettings = {
				ALWAYS_SEARCH_USER_PATHS = NO;
				ASSETCATALOG_COMPILER_GENERATE_SWIFT_ASSET_SYMBOL_EXTENSIONS = YES;
				CLANG_ANALYZER_NONNULL = YES;
				CLANG_ANALYZER_NUMBER_OBJECT_CONVERSION = YES_AGGRESSIVE;
				CLANG_CXX_LANGUAGE_STANDARD = "gnu++20";
				CLANG_ENABLE_MODULES = YES;
				CLANG_ENABLE_OBJC_ARC = YES;
				CLANG_ENABLE_OBJC_WEAK = YES;
				CLANG_WARN_BLOCK_CAPTURE_AUTORELEASING = YES;
				CLANG_WARN_BOOL_CONVERSION = YES;
				CLANG_WARN_COMMA = YES;
				CLANG_WARN_CONSTANT_CONVERSION = YES;
				CLANG_WARN_DEPRECATED_OBJC_IMPLEMENTATIONS = YES;
				CLANG_WARN_DIRECT_OBJC_ISA_USAGE = YES_ERROR;
				CLANG_WARN_DOCUMENTATION_COMMENTS = YES;
				CLANG_WARN_EMPTY_BODY = YES;
				CLANG_WARN_ENUM_CONVERSION = YES;
				CLANG_WARN_INFINITE_RECURSION = YES;
				CLANG_WARN_INT_CONVERSION = YES;
				CLANG_WARN_NON_LITERAL_NULL_CONVERSION = YES;
				CLANG_WARN_OBJC_IMPLICIT_RETAIN_SELF = YES;
				CLANG_WARN_OBJC_LITERAL_CONVERSION = YES;
				CLANG_WARN_OBJC_ROOT_CLASS = YES_ERROR;
				CLANG_WARN_QUOTED_INCLUDE_IN_FRAMEWORK_HEADER = YES;
				CLANG_WARN_RANGE_LOOP_ANALYSIS = YES;
				CLANG_WARN_STRICT_PROTOTYPES = YES;
				CLANG_WARN_SUSPICIOUS_MOVE = YES;
				CLANG_WARN_UNGUARDED_AVAILABILITY = YES_AGGRESSIVE;
				CLANG_WARN_UNREACHABLE_CODE = YES;
				CLANG_WARN__DUPLICATE_METHOD_MATCH = YES;
				COPY_PHASE_STRIP = NO;
				DEBUG_INFORMATION_FORMAT = dwarf;
				ENABLE_STRICT_OBJC_MSGSEND = YES;
				ENABLE_TESTABILITY = YES;
				ENABLE_USER_SCRIPT_SANDBOXING = YES;
				GCC_C_LANGUAGE_STANDARD = gnu17;
				GCC_DYNAMIC_NO_PIC = NO;
				GCC_NO_COMMON_BLOCKS = YES;
				GCC_OPTIMIZATION_LEVEL = 0;
				GCC_PREPROCESSOR_DEFINITIONS = (
					"DEBUG=1",
					"$(inherited)",
				);
				GCC_WARN_64_TO_32_BIT_CONVERSION = YES;
				GCC_WARN_ABOUT_RETURN_TYPE = YES_ERROR;
				GCC_WARN_UNDECLARED_SELECTOR = YES;
				GCC_WARN_UNINITIALIZED_AUTOS = YES_AGGRESSIVE;
				GCC_WARN_UNUSED_FUNCTION = YES;
				GCC_WARN_UNUSED_VARIABLE = YES;
				IPHONEOS_DEPLOYMENT_TARGET = 26.2;
				LOCALIZATION_PREFERS_STRING_CATALOGS = YES;
				MTL_ENABLE_DEBUG_INFO = INCLUDE_SOURCE;
				MTL_FAST_MATH = YES;
				ONLY_ACTIVE_ARCH = YES;
				SDKROOT = iphoneos;
				SWIFT_ACTIVE_COMPILATION_CONDITIONS = "DEBUG $(inherited)";
				SWIFT_OPTIMIZATION_LEVEL = "-Onone";
			};
			name = Debug;
		};
		E835BA222FB76DFD002F2295 /* Release */ = {
			isa = XCBuildConfiguration;
			buildSettings = {
				ALWAYS_SEARCH_USER_PATHS = NO;
				ASSETCATALOG_COMPILER_GENERATE_SWIFT_ASSET_SYMBOL_EXTENSIONS = YES;
				CLANG_ANALYZER_NONNULL = YES;
				CLANG_ANALYZER_NUMBER_OBJECT_CONVERSION = YES_AGGRESSIVE;
				CLANG_CXX_LANGUAGE_STANDARD = "gnu++20";
				CLANG_ENABLE_MODULES = YES;
				CLANG_ENABLE_OBJC_ARC = YES;
				CLANG_ENABLE_OBJC_WEAK = YES;
				CLANG_WARN_BLOCK_CAPTURE_AUTORELEASING = YES;
				CLANG_WARN_BOOL_CONVERSION = YES;
				CLANG_WARN_COMMA = YES;
				CLANG_WARN_CONSTANT_CONVERSION = YES;
				CLANG_WARN_DEPRECATED_OBJC_IMPLEMENTATIONS = YES;
				CLANG_WARN_DIRECT_OBJC_ISA_USAGE = YES_ERROR;
				CLANG_WARN_DOCUMENTATION_COMMENTS = YES;
				CLANG_WARN_EMPTY_BODY = YES;
				CLANG_WARN_ENUM_CONVERSION = YES;
				CLANG_WARN_INFINITE_RECURSION = YES;
				CLANG_WARN_INT_CONVERSION = YES;
				CLANG_WARN_NON_LITERAL_NULL_CONVERSION = YES;
				CLANG_WARN_OBJC_IMPLICIT_RETAIN_SELF = YES;
				CLANG_WARN_OBJC_LITERAL_CONVERSION = YES;
				CLANG_WARN_OBJC_ROOT_CLASS = YES_ERROR;
				CLANG_WARN_QUOTED_INCLUDE_IN_FRAMEWORK_HEADER = YES;
				CLANG_WARN_RANGE_LOOP_ANALYSIS = YES;
				CLANG_WARN_STRICT_PROTOTYPES = YES;
				CLANG_WARN_SUSPICIOUS_MOVE = YES;
				CLANG_WARN_UNGUARDED_AVAILABILITY = YES_AGGRESSIVE;
				CLANG_WARN_UNREACHABLE_CODE = YES;
				CLANG_WARN__DUPLICATE_METHOD_MATCH = YES;
				COPY_PHASE_STRIP = NO;
				DEBUG_INFORMATION_FORMAT = "dwarf-with-dsym";
				ENABLE_NS_ASSERTIONS = NO;
				ENABLE_STRICT_OBJC_MSGSEND = YES;
				ENABLE_USER_SCRIPT_SANDBOXING = YES;
				GCC_C_LANGUAGE_STANDARD = gnu17;
				GCC_NO_COMMON_BLOCKS = YES;
				GCC_WARN_64_TO_32_BIT_CONVERSION = YES;
				GCC_WARN_ABOUT_RETURN_TYPE = YES_ERROR;
				GCC_WARN_UNDECLARED_SELECTOR = YES;
				GCC_WARN_UNINITIALIZED_AUTOS = YES_AGGRESSIVE;
				GCC_WARN_UNUSED_FUNCTION = YES;
				GCC_WARN_UNUSED_VARIABLE = YES;
				IPHONEOS_DEPLOYMENT_TARGET = 26.2;
				LOCALIZATION_PREFERS_STRING_CATALOGS = YES;
				MTL_ENABLE_DEBUG_INFO = NO;
				MTL_FAST_MATH = YES;
				SDKROOT = iphoneos;
				SWIFT_COMPILATION_MODE = wholemodule;
				VALIDATE_PRODUCT = YES;
			};
			name = Release;
		};
		E835BA242FB76DFD002F2295 /* Debug */ = {
			isa = XCBuildConfiguration;
			buildSettings = {
				BUNDLE_LOADER = "$(TEST_HOST)";
				CODE_SIGN_STYLE = Automatic;
				CURRENT_PROJECT_VERSION = 1;
				GENERATE_INFOPLIST_FILE = YES;
				IPHONEOS_DEPLOYMENT_TARGET = 26.2;
				MARKETING_VERSION = 1.0;
				PRODUCT_BUNDLE_IDENTIFIER = br.com.manoel.StudiesUIKitTests;
				PRODUCT_NAME = "$(TARGET_NAME)";
				STRING_CATALOG_GENERATE_SYMBOLS = NO;
				SWIFT_APPROACHABLE_CONCURRENCY = YES;
				SWIFT_EMIT_LOC_STRINGS = NO;
				SWIFT_UPCOMING_FEATURE_MEMBER_IMPORT_VISIBILITY = YES;
				SWIFT_VERSION = 5.0;
				TARGETED_DEVICE_FAMILY = "1,2";
				TEST_HOST = "$(BUILT_PRODUCTS_DIR)/StudiesUIKit.app/$(BUNDLE_EXECUTABLE_FOLDER_PATH)/StudiesUIKit";
			};
			name = Debug;
		};
		E835BA252FB76DFD002F2295 /* Release */ = {
			isa = XCBuildConfiguration;
			buildSettings = {
				BUNDLE_LOADER = "$(TEST_HOST)";
				CODE_SIGN_STYLE = Automatic;
				CURRENT_PROJECT_VERSION = 1;
				GENERATE_INFOPLIST_FILE = YES;
				IPHONEOS_DEPLOYMENT_TARGET = 26.2;
				MARKETING_VERSION = 1.0;
				PRODUCT_BUNDLE_IDENTIFIER = br.com.manoel.StudiesUIKitTests;
				PRODUCT_NAME = "$(TARGET_NAME)";
				STRING_CATALOG_GENERATE_SYMBOLS = NO;
				SWIFT_APPROACHABLE_CONCURRENCY = YES;
				SWIFT_EMIT_LOC_STRINGS = NO;
				SWIFT_UPCOMING_FEATURE_MEMBER_IMPORT_VISIBILITY = YES;
				SWIFT_VERSION = 5.0;
				TARGETED_DEVICE_FAMILY = "1,2";
				TEST_HOST = "$(BUILT_PRODUCTS_DIR)/StudiesUIKit.app/$(BUNDLE_EXECUTABLE_FOLDER_PATH)/StudiesUIKit";
			};
			name = Release;
		};
		E835BA272FB76DFD002F2295 /* Debug */ = {
			isa = XCBuildConfiguration;
			buildSettings = {
				CODE_SIGN_STYLE = Automatic;
				CURRENT_PROJECT_VERSION = 1;
				GENERATE_INFOPLIST_FILE = YES;
				MARKETING_VERSION = 1.0;
				PRODUCT_BUNDLE_IDENTIFIER = br.com.manoel.StudiesUIKitUITests;
				PRODUCT_NAME = "$(TARGET_NAME)";
				STRING_CATALOG_GENERATE_SYMBOLS = NO;
				SWIFT_APPROACHABLE_CONCURRENCY = YES;
				SWIFT_EMIT_LOC_STRINGS = NO;
				SWIFT_UPCOMING_FEATURE_MEMBER_IMPORT_VISIBILITY = YES;
				SWIFT_VERSION = 5.0;
				TARGETED_DEVICE_FAMILY = "1,2";
				TEST_TARGET_NAME = StudiesUIKit;
			};
			name = Debug;
		};
		E835BA282FB76DFD002F2295 /* Release */ = {
			isa = XCBuildConfiguration;
			buildSettings = {
				CODE_SIGN_STYLE = Automatic;
				CURRENT_PROJECT_VERSION = 1;
				GENERATE_INFOPLIST_FILE = YES;
				MARKETING_VERSION = 1.0;
				PRODUCT_BUNDLE_IDENTIFIER = br.com.manoel.StudiesUIKitUITests;
				PRODUCT_NAME = "$(TARGET_NAME)";
				STRING_CATALOG_GENERATE_SYMBOLS = NO;
				SWIFT_APPROACHABLE_CONCURRENCY = YES;
				SWIFT_EMIT_LOC_STRINGS = NO;
				SWIFT_UPCOMING_FEATURE_MEMBER_IMPORT_VISIBILITY = YES;
				SWIFT_VERSION = 5.0;
				TARGETED_DEVICE_FAMILY = "1,2";
				TEST_TARGET_NAME = StudiesUIKit;
			};
			name = Release;
		};
/* End XCBuildConfiguration section */

/* Begin XCConfigurationList section */
		E835B9F02FB76DFC002F2295 /* Build configuration list for PBXProject "StudiesUIKit" */ = {
			isa = XCConfigurationList;
			buildConfigurations = (
				E835BA212FB76DFD002F2295 /* Debug */,
				E835BA222FB76DFD002F2295 /* Release */,
			);
			defaultConfigurationIsVisible = 0;
			defaultConfigurationName = Release;
		};
		E835BA1E2FB76DFD002F2295 /* Build configuration list for PBXNativeTarget "StudiesUIKit" */ = {
			isa = XCConfigurationList;
			buildConfigurations = (
				E835BA1F2FB76DFD002F2295 /* Debug */,
				E835BA202FB76DFD002F2295 /* Release */,
			);
			defaultConfigurationIsVisible = 0;
			defaultConfigurationName = Release;
		};
		E835BA232FB76DFD002F2295 /* Build configuration list for PBXNativeTarget "StudiesUIKitTests" */ = {
			isa = XCConfigurationList;
			buildConfigurations = (
				E835BA242FB76DFD002F2295 /* Debug */,
				E835BA252FB76DFD002F2295 /* Release */,
			);
			defaultConfigurationIsVisible = 0;
			defaultConfigurationName = Release;
		};
		E835BA262FB76DFD002F2295 /* Build configuration list for PBXNativeTarget "StudiesUIKitUITests" */ = {
			isa = XCConfigurationList;
			buildConfigurations = (
				E835BA272FB76DFD002F2295 /* Debug */,
				E835BA282FB76DFD002F2295 /* Release */,
			);
			defaultConfigurationIsVisible = 0;
			defaultConfigurationName = Release;
		};
/* End XCConfigurationList section */
	};
	rootObject = E835B9ED2FB76DFC002F2295 /* Project object */;
}
